
Microsoft Visual Studio Solution File, Format Version 12.00
Project("{FAE04EC0-301F-11D3-BF4B-00C04F79EFBC}") = "A3STRING", "A3STRING\A3STRING.csproj", "{F2690F69-900E-4AD9-A2F8-B81897BC5E56}"
EndProject
Global
	GlobalSection(SolutionConfigurationPlatforms) = preSolution
		Debug|Any CPU = Debug|Any CPU
		Release|Any CPU = Release|Any CPU
	EndGlobalSection
	GlobalSection(ProjectConfigurationPlatforms) = postSolution
		{F2690F69-900E-4AD9-A2F8-B81897BC5E56}.Debug|Any CPU.ActiveCfg = Debug|Any CPU
		{F2690F69-900E-4AD9-A2F8-B81897BC5E56}.Debug|Any CPU.Build.0 = Debug|Any CPU
		{F2690F69-900E-4AD9-A2F8-B81897BC5E56}.Release|Any CPU.ActiveCfg = Release|Any CPU
		{F2690F69-900E-4AD9-A2F8-B81897BC5E56}.Release|Any CPU.Build.0 = Release|Any CPU
	EndGlobalSection
EndGlobal
